
Microsoft Visual Studio Solution File, Format Version 12.00
# Visual Studio Version 17
VisualStudioVersion = 17.7.34031.279
MinimumVisualStudioVersion = 10.0.40219.1
Project("{FAE04EC0-301F-11D3-BF4B-00C04F79EFBC}") = "HW1 - Story Generator", "HW1 - Story Generator.csproj", "{B1C8C18D-4807-4924-BFBC-4C583BDDADD0}"
EndProject
Global
	GlobalSection(SolutionConfigurationPlatforms) = preSolution
		Debug|Any CPU = Debug|Any CPU
		Release|Any CPU = Release|Any CPU
	EndGlobalSection
	GlobalSection(ProjectConfigurationPlatforms) = postSolution
		{B1C8C18D-4807-4924-BFBC-4C583BDDADD0}.Debug|Any CPU.ActiveCfg = Debug|Any CPU
		{B1C8C18D-4807-4924-BFBC-4C583BDDADD0}.Debug|Any CPU.Build.0 = Debug|Any CPU
		{B1C8C18D-4807-4924-BFBC-4C583BDDADD0}.Release|Any CPU.ActiveCfg = Release|Any CPU
		{B1C8C18D-4807-4924-BFBC-4C583BDDADD0}.Release|Any CPU.Build.0 = Release|Any CPU
	EndGlobalSection
	GlobalSection(SolutionProperties) = preSolution
		HideSolutionNode = FALSE
	EndGlobalSection
	GlobalSection(ExtensibilityGlobals) = postSolution
		SolutionGuid = {CF940D99-E921-45EC-874E-1FE8B30D5849}
	EndGlobalSection
EndGlobal
